
Microsoft Visual Studio Solution File, Format Version 12.00
# Visual Studio Version 17
VisualStudioVersion = 17.4.33213.308
MinimumVisualStudioVersion = 10.0.40219.1
Project("{FAE04EC0-301F-11D3-BF4B-00C04F79EFBC}") = "Do while loop", "Do while loop.csproj", "{E1D2C262-9A05-414C-A7D8-AEA3FF129BEA}"
EndProject
Global
	GlobalSection(SolutionConfigurationPlatforms) = preSolution
		Debug|Any CPU = Debug|Any CPU
		Release|Any CPU = Release|Any CPU
	EndGlobalSection
	GlobalSection(ProjectConfigurationPlatforms) = postSolution
		{E1D2C262-9A05-414C-A7D8-AEA3FF129BEA}.Debug|Any CPU.ActiveCfg = Debug|Any CPU
		{E1D2C262-9A05-414C-A7D8-AEA3FF129BEA}.Debug|Any CPU.Build.0 = Debug|Any CPU
		{E1D2C262-9A05-414C-A7D8-AEA3FF129BEA}.Release|Any CPU.ActiveCfg = Release|Any CPU
		{E1D2C262-9A05-414C-A7D8-AEA3FF129BEA}.Release|Any CPU.Build.0 = Release|Any CPU
	EndGlobalSection
	GlobalSection(SolutionProperties) = preSolution
		HideSolutionNode = FALSE
	EndGlobalSection
	GlobalSection(ExtensibilityGlobals) = postSolution
		SolutionGuid = {AFEEFC57-E53D-4519-9C79-5130BF750295}
	EndGlobalSection
EndGlobal
